
Microsoft Visual Studio Solution File, Format Version 12.00
# Visual Studio Version 17
VisualStudioVersion = 17.8.34525.116
MinimumVisualStudioVersion = 10.0.40219.1
Project("{9A19103F-16F7-4668-BE54-9A1E7A4F7556}") = "DougWifeFrame", "DougWifeFrame.csproj", "{C962C5F7-19DF-4B5C-ABFE-66EB8920431F}"
EndProject
Global
	GlobalSection(SolutionConfigurationPlatforms) = preSolution
		Debug|Any CPU = Debug|Any CPU
		Release|Any CPU = Release|Any CPU
	EndGlobalSection
	GlobalSection(ProjectConfigurationPlatforms) = postSolution
		{C962C5F7-19DF-4B5C-ABFE-66EB8920431F}.Debug|Any CPU.ActiveCfg = Debug|Any CPU
		{C962C5F7-19DF-4B5C-ABFE-66EB8920431F}.Debug|Any CPU.Build.0 = Debug|Any CPU
		{C962C5F7-19DF-4B5C-ABFE-66EB8920431F}.Release|Any CPU.ActiveCfg = Release|Any CPU
		{C962C5F7-19DF-4B5C-ABFE-66EB8920431F}.Release|Any CPU.Build.0 = Release|Any CPU
	EndGlobalSection
	GlobalSection(SolutionProperties) = preSolution
		HideSolutionNode = FALSE
	EndGlobalSection
	GlobalSection(ExtensibilityGlobals) = postSolution
		SolutionGuid = {C9294703-BAB4-4DC4-9610-9873794FD32E}
	EndGlobalSection
EndGlobal
